// !$*UTF8*$!
{
	archiveVersion = 1;
	classes = {
	};
	objectVersion = 46;
	objects = {

/* Begin PBXBuildFile section */
		C866C3B51D07196900CD172E /* main.m in Sources */ = {isa = PBXBuildFile; fileRef = C866C3B41D07196900CD172E /* main.m */; };
		C866C3B81D07196900CD172E /* AppDelegate.m in Sources */ = {isa = PBXBuildFile; fileRef = C866C3B71D07196900CD172E /* AppDelegate.m */; };
		C866C3BB1D07196900CD172E /* ViewController.m in Sources */ = {isa = PBXBuildFile; fileRef = C866C3BA1D07196900CD172E /* ViewController.m */; };
		C866C3BE1D07196900CD172E /* Main.storyboard in Resources */ = {isa = PBXBuildFile; fileRef = C866C3BC1D07196900CD172E /* Main.storyboard */; };
		C866C3C01D07196900CD172E /* Assets.xcassets in Resources */ = {isa = PBXBuildFile; fileRef = C866C3BF1D07196900CD172E /* Assets.xcassets */; };
		C866C3C31D07196900CD172E /* LaunchScreen.storyboard in Resources */ = {isa = PBXBuildFile; fileRef = C866C3C11D07196900CD172E /* LaunchScreen.storyboard */; };
		C866C3CB1D071E3C00CD172E /* Icon.JPG in Resources */ = {isa = PBXBuildFile; fileRef = C866C3CA1D071E3C00CD172E /* Icon.JPG */; };
		C866C3CD1D07230F00CD172E /* step2.tiff in Resources */ = {isa = PBXBuildFile; fileRef = C866C3CC1D07230F00CD172E /* step2.tiff */; };
		C866C3CF1D07232F00CD172E /* step3.tiff in Resources */ = {isa = PBXBuildFile; fileRef = C866C3CE1D07232F00CD172E /* step3.tiff */; };
		C866C3D11D07233D00CD172E /* step4.tiff in Resources */ = {isa = PBXBuildFile; fileRef = C866C3D01D07233D00CD172E /* step4.tiff */; };
		C866C3D31D07235200CD172E /* step5_1.tiff in Resources */ = {isa = PBXBuildFile; fileRef = C866C3D21D07235200CD172E /* step5_1.tiff */; };
		C866C3D51D07237000CD172E /* step5_2.tiff in Resources */ = {isa = PBXBuildFile; fileRef = C866C3D41D07237000CD172E /* step5_2.tiff */; };
		C866C3D71D07239200CD172E /* step5_3.tiff in Resources */ = {isa = PBXBuildFile; fileRef = C866C3D61D07239200CD172E /* step5_3.tiff */; };
		C866C3D91D0723AE00CD172E /* step6_1.tiff in Resources */ = {isa = PBXBuildFile; fileRef = C866C3D81D0723AE00CD172E /* step6_1.tiff */; };
		C866C3DB1D0723BE00CD172E /* step6_2.tiff in Resources */ = {isa = PBXBuildFile; fileRef = C866C3DA1D0723BE00CD172E /* step6_2.tiff */; };
/* End PBXBuildFile section */

/* Begin PBXFileReference section */
		C866C3B01D07196900CD172E /* GitTest.app */ = {isa = PBXFileReference; explicitFileType = wrapper.application; includeInIndex = 0; path = GitTest.app; sourceTree = BUILT_PRODUCTS_DIR; };
		C866C3B41D07196900CD172E /* main.m */ = {isa = PBXFileReference; lastKnownFileType = sourcecode.c.objc; path = main.m; sourceTree = "<group>"; };
		C866C3B61D07196900CD172E /* AppDelegate.h */ = {isa = PBXFileReference; lastKnownFileType = sourcecode.c.h; path = AppDelegate.h; sourceTree = "<group>"; };
		C866C3B71D07196900CD172E /* AppDelegate.m */ = {isa = PBXFileReference; lastKnownFileType = sourcecode.c.objc; path = AppDelegate.m; sourceTree = "<group>"; };
		C866C3B91D07196900CD172E /* ViewController.h */ = {isa = PBXFileReference; lastKnownFileType = sourcecode.c.h; path = ViewController.h; sourceTree = "<group>"; };
		C866C3BA1D07196900CD172E /* ViewController.m */ = {isa = PBXFileReference; lastKnownFileType = sourcecode.c.objc; path = ViewController.m; sourceTree = "<group>"; };
		C866C3BD1D07196900CD172E /* Base */ = {isa = PBXFileReference; lastKnownFileType = file.storyboard; name = Base; path = Base.lproj/Main.storyboard; sourceTree = "<group>"; };
		C866C3BF1D07196900CD172E /* Assets.xcassets */ = {isa = PBXFileReference; lastKnownFileType = folder.assetcatalog; path = Assets.xcassets; sourceTree = "<group>"; };
		C866C3C21D07196900CD172E /* Base */ = {isa = PBXFileReference; lastKnownFileType = file.storyboard; name = Base; path = Base.lproj/LaunchScreen.storyboard; sourceTree = "<group>"; };
		C866C3C41D07196900CD172E /* Info.plist */ = {isa = PBXFileReference; lastKnownFileType = text.plist.xml; path = Info.plist; sourceTree = "<group>"; };
		C866C3CA1D071E3C00CD172E /* Icon.JPG */ = {isa = PBXFileReference; lastKnownFileType = image.jpeg; path = Icon.JPG; sourceTree = "<group>"; };
		C866C3CC1D07230F00CD172E /* step2.tiff */ = {isa = PBXFileReference; lastKnownFileType = image.tiff; path = step2.tiff; sourceTree = "<group>"; };
		C866C3CE1D07232F00CD172E /* step3.tiff */ = {isa = PBXFileReference; lastKnownFileType = image.tiff; path = step3.tiff; sourceTree = "<group>"; };
		C866C3D01D07233D00CD172E /* step4.tiff */ = {isa = PBXFileReference; lastKnownFileType = image.tiff; path = step4.tiff; sourceTree = "<group>"; };
		C866C3D21D07235200CD172E /* step5_1.tiff */ = {isa = PBXFileReference; lastKnownFileType = image.tiff; path = step5_1.tiff; sourceTree = "<group>"; };
		C866C3D41D07237000CD172E /* step5_2.tiff */ = {isa = PBXFileReference; lastKnownFileType = image.tiff; path = step5_2.tiff; sourceTree = "<group>"; };
		C866C3D61D07239200CD172E /* step5_3.tiff */ = {isa = PBXFileReference; lastKnownFileType = image.tiff; path = step5_3.tiff; sourceTree = "<group>"; };
		C866C3D81D0723AE00CD172E /* step6_1.tiff */ = {isa = PBXFileReference; lastKnownFileType = image.tiff; path = step6_1.tiff; sourceTree = "<group>"; };
		C866C3DA1D0723BE00CD172E /* step6_2.tiff */ = {isa = PBXFileReference; lastKnownFileType = image.tiff; path = step6_2.tiff; sourceTree = "<group>"; };
/* End PBXFileReference section */

/* Begin PBXFrameworksBuildPhase section */
		C866C3AD1D07196900CD172E /* Frameworks */ = {
			isa = PBXFrameworksBuildPhase;
			buildActionMask = 2147483647;
			files = (
			);
			runOnlyForDeploymentPostprocessing = 0;
		};
/* End PBXFrameworksBuildPhase section */

/* Begin PBXGroup section */
		C866C3A71D07196900CD172E = {
			isa = PBXGroup;
			children = (
				C866C3B21D07196900CD172E /* GitTest */,
				C866C3B11D07196900CD172E /* Products */,
			);
			sourceTree = "<group>";
		};
		C866C3B11D07196900CD172E /* Products */ = {
			isa = PBXGroup;
			children = (
				C866C3B01D07196900CD172E /* GitTest.app */,
			);
			name = Products;
			sourceTree = "<group>";
		};
		C866C3B21D07196900CD172E /* GitTest */ = {
			isa = PBXGroup;
			children = (
				C866C3B61D07196900CD172E /* AppDelegate.h */,
				C866C3B71D07196900CD172E /* AppDelegate.m */,
				C866C3B91D07196900CD172E /* ViewController.h */,
				C866C3BA1D07196900CD172E /* ViewController.m */,
				C866C3BC1D07196900CD172E /* Main.storyboard */,
				C866C3BF1D07196900CD172E /* Assets.xcassets */,
				C866C3C11D07196900CD172E /* LaunchScreen.storyboard */,
				C866C3C41D07196900CD172E /* Info.plist */,
				C866C3CA1D071E3C00CD172E /* Icon.JPG */,
				C866C3B31D07196900CD172E /* Supporting Files */,
			);
			path = GitTest;
			sourceTree = "<group>";
		};
		C866C3B31D07196900CD172E /* Supporting Files */ = {
			isa = PBXGroup;
			children = (
				C866C3B41D07196900CD172E /* main.m */,
				C866C3CC1D07230F00CD172E /* step2.tiff */,
				C866C3CE1D07232F00CD172E /* step3.tiff */,
				C866C3D01D07233D00CD172E /* step4.tiff */,
				C866C3D21D07235200CD172E /* step5_1.tiff */,
				C866C3D41D07237000CD172E /* step5_2.tiff */,
				C866C3D61D07239200CD172E /* step5_3.tiff */,
				C866C3D81D0723AE00CD172E /* step6_1.tiff */,
				C866C3DA1D0723BE00CD172E /* step6_2.tiff */,
			);
			name = "Supporting Files";
			sourceTree = "<group>";
		};
/* End PBXGroup section */

/* Begin PBXNativeTarget section */
		C866C3AF1D07196900CD172E /* GitTest */ = {
			isa = PBXNativeTarget;
			buildConfigurationList = C866C3C71D07196900CD172E /* Build configuration list for PBXNativeTarget "GitTest" */;
			buildPhases = (
				C866C3AC1D07196900CD172E /* Sources */,
				C866C3AD1D07196900CD172E /* Frameworks */,
				C866C3AE1D07196900CD172E /* Resources */,
			);
			buildRules = (
			);
			dependencies = (
			);
			name = GitTest;
			productName = GitTest;
			productReference = C866C3B01D07196900CD172E /* GitTest.app */;
			productType = "com.apple.product-type.application";
		};
/* End PBXNativeTarget section */

/* Begin PBXProject section */
		C866C3A81D07196900CD172E /* Project object */ = {
			isa = PBXProject;
			attributes = {
				LastUpgradeCheck = 0730;
				ORGANIZATIONNAME = MikeBoom;
				TargetAttributes = {
					C866C3AF1D07196900CD172E = {
						CreatedOnToolsVersion = 7.3.1;
					};
				};
			};
			buildConfigurationList = C866C3AB1D07196900CD172E /* Build configuration list for PBXProject "GitTest" */;
			compatibilityVersion = "Xcode 3.2";
			developmentRegion = English;
			hasScannedForEncodings = 0;
			knownRegions = (
				en,
				Base,
			);
			mainGroup = C866C3A71D07196900CD172E;
			productRefGroup = C866C3B11D07196900CD172E /* Products */;
			projectDirPath = "";
			projectRoot = "";
			targets = (
				C866C3AF1D07196900CD172E /* GitTest */,
			);
		};
/* End PBXProject section */

/* Begin PBXResourcesBuildPhase section */
		C866C3AE1D07196900CD172E /* Resources */ = {
			isa = PBXResourcesBuildPhase;
			buildActionMask = 2147483647;
			files = (
				C866C3CB1D071E3C00CD172E /* Icon.JPG in Resources */,
				C866C3D71D07239200CD172E /* step5_3.tiff in Resources */,
				C866C3C31D07196900CD172E /* LaunchScreen.storyboard in Resources */,
				C866C3C01D07196900CD172E /* Assets.xcassets in Resources */,
				C866C3D91D0723AE00CD172E /* step6_1.tiff in Resources */,
				C866C3CD1D07230F00CD172E /* step2.tiff in Resources */,
				C866C3D51D07237000CD172E /* step5_2.tiff in Resources */,
				C866C3DB1D0723BE00CD172E /* step6_2.tiff in Resources */,
				C866C3CF1D07232F00CD172E /* step3.tiff in Resources */,
				C866C3BE1D07196900CD172E /* Main.storyboard in Resources */,
				C866C3D11D07233D00CD172E /* step4.tiff in Resources */,
				C866C3D31D07235200CD172E /* step5_1.tiff in Resources */,
			);
			runOnlyForDeploymentPostprocessing = 0;
		};
/* End PBXResourcesBuildPhase section */

/* Begin PBXSourcesBuildPhase section */
		C866C3AC1D07196900CD172E /* Sources */ = {
			isa = PBXSourcesBuildPhase;
			buildActionMask = 2147483647;
			files = (
				C866C3BB1D07196900CD172E /* ViewController.m in Sources */,
				C866C3B81D07196900CD172E /* AppDelegate.m in Sources */,
				C866C3B51D07196900CD172E /* main.m in Sources */,
			);
			runOnlyForDeploymentPostprocessing = 0;
		};
/* End PBXSourcesBuildPhase section */

/* Begin PBXVariantGroup section */
		C866C3BC1D07196900CD172E /* Main.storyboard */ = {
			isa = PBXVariantGroup;
			children = (
				C866C3BD1D07196900CD172E /* Base */,
			);
			name = Main.storyboard;
			sourceTree = "<group>";
		};
		C866C3C11D07196900CD172E /* LaunchScreen.storyboard */ = {
			isa = PBXVariantGroup;
			children = (
				C866C3C21D07196900CD172E /* Base */,
			);
			name = LaunchScreen.storyboard;
			sourceTree = "<group>";
		};
/* End PBXVariantGroup section */

/* Begin XCBuildConfiguration section */
		C866C3C51D07196900CD172E /* Debug */ = {
			isa = XCBuildConfiguration;
			buildSettings = {
				ALWAYS_SEARCH_USER_PATHS = NO;
				CLANG_ANALYZER_NONNULL = YES;
				CLANG_CXX_LANGUAGE_STANDARD = "gnu++0x";
				CLANG_CXX_LIBRARY = "libc++";
				CLANG_ENABLE_MODULES = YES;
				CLANG_ENABLE_OBJC_ARC = YES;
				CLANG_WARN_BOOL_CONVERSION = YES;
				CLANG_WARN_CONSTANT_CONVERSION = YES;
				CLANG_WARN_DIRECT_OBJC_ISA_USAGE = YES_ERROR;
				CLANG_WARN_EMPTY_BODY = YES;
				CLANG_WARN_ENUM_CONVERSION = YES;
				CLANG_WARN_INT_CONVERSION = YES;
				CLANG_WARN_OBJC_ROOT_CLASS = YES_ERROR;
				CLANG_WARN_UNREACHABLE_CODE = YES;
				CLANG_WARN__DUPLICATE_METHOD_MATCH = YES;
				"CODE_SIGN_IDENTITY[sdk=iphoneos*]" = "iPhone Developer";
				COPY_PHASE_STRIP = NO;
				DEBUG_INFORMATION_FORMAT = dwarf;
				ENABLE_STRICT_OBJC_MSGSEND = YES;
				ENABLE_TESTABILITY = YES;
				GCC_C_LANGUAGE_STANDARD = gnu99;
				GCC_DYNAMIC_NO_PIC = NO;
				GCC_NO_COMMON_BLOCKS = YES;
				GCC_OPTIMIZATION_LEVEL = 0;
				GCC_PREPROCESSOR_DEFINITIONS = (
					"DEBUG=1",
					"$(inherited)",
				);
				GCC_WARN_64_TO_32_BIT_CONVERSION = YES;
				GCC_WARN_ABOUT_RETURN_TYPE = YES_ERROR;
				GCC_WARN_UNDECLARED_SELECTOR = YES;
				GCC_WARN_UNINITIALIZED_AUTOS = YES_AGGRESSIVE;
				GCC_WARN_UNUSED_FUNCTION = YES;
				GCC_WARN_UNUSED_VARIABLE = YES;
				IPHONEOS_DEPLOYMENT_TARGET = 9.3;
				MTL_ENABLE_DEBUG_INFO = YES;
				ONLY_ACTIVE_ARCH = YES;
				SDKROOT = iphoneos;
				TARGETED_DEVICE_FAMILY = "1,2";
			};
			name = Debug;
		};
		C866C3C61D07196900CD172E /* Release */ = {
			isa = XCBuildConfiguration;
			buildSettings = {
				ALWAYS_SEARCH_USER_PATHS = NO;
				CLANG_ANALYZER_NONNULL = YES;
				CLANG_CXX_LANGUAGE_STANDARD = "gnu++0x";
				CLANG_CXX_LIBRARY = "libc++";
				CLANG_ENABLE_MODULES = YES;
				CLANG_ENABLE_OBJC_ARC = YES;
				CLANG_WARN_BOOL_CONVERSION = YES;
				CLANG_WARN_CONSTANT_CONVERSION = YES;
				CLANG_WARN_DIRECT_OBJC_ISA_USAGE = YES_ERROR;
				CLANG_WARN_EMPTY_BODY = YES;
				CLANG_WARN_ENUM_CONVERSION = YES;
				CLANG_WARN_INT_CONVERSION = YES;
				CLANG_WARN_OBJC_ROOT_CLASS = YES_ERROR;
				CLANG_WARN_UNREACHABLE_CODE = YES;
				CLANG_WARN__DUPLICATE_METHOD_MATCH = YES;
				"CODE_SIGN_IDENTITY[sdk=iphoneos*]" = "iPhone Developer";
				COPY_PHASE_STRIP = NO;
				DEBUG_INFORMATION_FORMAT = "dwarf-with-dsym";
				ENABLE_NS_ASSERTIONS = NO;
				ENABLE_STRICT_OBJC_MSGSEND = YES;
				GCC_C_LANGUAGE_STANDARD = gnu99;
				GCC_NO_COMMON_BLOCKS = YES;
				GCC_WARN_64_TO_32_BIT_CONVERSION = YES;
				GCC_WARN_ABOUT_RETURN_TYPE = YES_ERROR;
				GCC_WARN_UNDECLARED_SELECTOR = YES;
				GCC_WARN_UNINITIALIZED_AUTOS = YES_AGGRESSIVE;
				GCC_WARN_UNUSED_FUNCTION = YES;
				GCC_WARN_UNUSED_VARIABLE = YES;
				IPHONEOS_DEPLOYMENT_TARGET = 9.3;
				MTL_ENABLE_DEBUG_INFO = NO;
				SDKROOT = iphoneos;
				TARGETED_DEVICE_FAMILY = "1,2";
				VALIDATE_PRODUCT = YES;
			};
			name = Release;
		};
		C866C3C81D07196900CD172E /* Debug */ = {
			isa = XCBuildConfiguration;
			buildSettings = {
				ASSETCATALOG_COMPILER_APPICON_NAME = AppIcon;
				INFOPLIST_FILE = GitTest/Info.plist;
				LD_RUNPATH_SEARCH_PATHS = "$(inherited) @executable_path/Frameworks";
				PRODUCT_BUNDLE_IDENTIFIER = com.MikeBoom.GitTest;
				PRODUCT_NAME = "$(TARGET_NAME)";
			};
			name = Debug;
		};
		C866C3C91D07196900CD172E /* Release */ = {
			isa = XCBuildConfiguration;
			buildSettings = {
				ASSETCATALOG_COMPILER_APPICON_NAME = AppIcon;
				INFOPLIST_FILE = GitTest/Info.plist;
				LD_RUNPATH_SEARCH_PATHS = "$(inherited) @executable_path/Frameworks";
				PRODUCT_BUNDLE_IDENTIFIER = com.MikeBoom.GitTest;
				PRODUCT_NAME = "$(TARGET_NAME)";
			};
			name = Release;
		};
/* End XCBuildConfiguration section */

/* Begin XCConfigurationList section */
		C866C3AB1D07196900CD172E /* Build configuration list for PBXProject "GitTest" */ = {
			isa = XCConfigurationList;
			buildConfigurations = (
				C866C3C51D07196900CD172E /* Debug */,
				C866C3C61D07196900CD172E /* Release */,
			);
			defaultConfigurationIsVisible = 0;
			defaultConfigurationName = Release;
		};
		C866C3C71D07196900CD172E /* Build configuration list for PBXNativeTarget "GitTest" */ = {
			isa = XCConfigurationList;
			buildConfigurations = (
				C866C3C81D07196900CD172E /* Debug */,
				C866C3C91D07196900CD172E /* Release */,
			);
			defaultConfigurationIsVisible = 0;
			defaultConfigurationName = Release;
		};
/* End XCConfigurationList section */
	};
	rootObject = C866C3A81D07196900CD172E /* Project object */;
}
